// !$*UTF8*$!
{
	archiveVersion = 1;
	classes = {
	};
	objectVersion = 56;
	objects = {

/* Begin PBXBuildFile section */
		A1B2C3D4E5F60001000001 /* TripCamsApp.swift in Sources */ = {isa = PBXBuildFile; fileRef = A1B2C3D4E5F60002000001; };
		A1B2C3D4E5F60001000002 /* AppDelegate.swift in Sources */ = {isa = PBXBuildFile; fileRef = A1B2C3D4E5F60002000002; };
		A1B2C3D4E5F60001000003 /* TripViewModel.swift in Sources */ = {isa = PBXBuildFile; fileRef = A1B2C3D4E5F60002000003; };
		A1B2C3D4E5F60001000004 /* Camera.swift in Sources */ = {isa = PBXBuildFile; fileRef = A1B2C3D4E5F60002000004; };
		A1B2C3D4E5F60001000005 /* Route.swift in Sources */ = {isa = PBXBuildFile; fileRef = A1B2C3D4E5F60002000005; };
		A1B2C3D4E5F60001000006 /* Region.swift in Sources */ = {isa = PBXBuildFile; fileRef = A1B2C3D4E5F60002000006; };
		A1B2C3D4E5F60001000007 /* CameraCluster.swift in Sources */ = {isa = PBXBuildFile; fileRef = A1B2C3D4E5F60002000007; };
		A1B2C3D4E5F60001000008 /* CameraAPIService.swift in Sources */ = {isa = PBXBuildFile; fileRef = A1B2C3D4E5F60002000008; };
		A1B2C3D4E5F60001000009 /* CacheService.swift in Sources */ = {isa = PBXBuildFile; fileRef = A1B2C3D4E5F60002000009; };
		A1B2C3D4E5F6000100000A /* RouteService.swift in Sources */ = {isa = PBXBuildFile; fileRef = A1B2C3D4E5F6000200000A; };
		A1B2C3D4E5F6000100000B /* CorridorFilter.swift in Sources */ = {isa = PBXBuildFile; fileRef = A1B2C3D4E5F6000200000B; };
		A1B2C3D4E5F6000100000C /* LocationService.swift in Sources */ = {isa = PBXBuildFile; fileRef = A1B2C3D4E5F6000200000C; };
		A1B2C3D4E5F6000100000D /* GeocodingService.swift in Sources */ = {isa = PBXBuildFile; fileRef = A1B2C3D4E5F6000200000D; };
		A1B2C3D4E5F6000100000E /* ContentView.swift in Sources */ = {isa = PBXBuildFile; fileRef = A1B2C3D4E5F6000200000E; };
		A1B2C3D4E5F6000100000F /* RouteSelectionView.swift in Sources */ = {isa = PBXBuildFile; fileRef = A1B2C3D4E5F6000200000F; };
		A1B2C3D4E5F60001000010 /* CameraListView.swift in Sources */ = {isa = PBXBuildFile; fileRef = A1B2C3D4E5F60002000010; };
		A1B2C3D4E5F60001000011 /* CameraDetailView.swift in Sources */ = {isa = PBXBuildFile; fileRef = A1B2C3D4E5F60002000011; };
		A1B2C3D4E5F60001000012 /* CameraCardView.swift in Sources */ = {isa = PBXBuildFile; fileRef = A1B2C3D4E5F60002000012; };
		A1B2C3D4E5F60001000013 /* MapContainerView.swift in Sources */ = {isa = PBXBuildFile; fileRef = A1B2C3D4E5F60002000013; };
		A1B2C3D4E5F60001000014 /* CarPlaySceneDelegate.swift in Sources */ = {isa = PBXBuildFile; fileRef = A1B2C3D4E5F60002000014; };
		A1B2C3D4E5F60001000015 /* route.json in Resources */ = {isa = PBXBuildFile; fileRef = A1B2C3D4E5F60002000015; };
		A1B2C3D4E5F60001000016 /* region-bounds.json in Resources */ = {isa = PBXBuildFile; fileRef = A1B2C3D4E5F60002000016; };
		A1B2C3D4E5F60001000017 /* Assets.xcassets in Resources */ = {isa = PBXBuildFile; fileRef = A1B2C3D4E5F60002000017; };
		A1B2C3D4E5F60001000018 /* CarPlay.framework in Frameworks */ = {isa = PBXBuildFile; fileRef = A1B2C3D4E5F60002000018; };
		A1B2C3D4E5F60001000019 /* MapKit.framework in Frameworks */ = {isa = PBXBuildFile; fileRef = A1B2C3D4E5F60002000019; };
		A1B2C3D4E5F6000100001A /* CoreLocation.framework in Frameworks */ = {isa = PBXBuildFile; fileRef = A1B2C3D4E5F6000200001A; };
/* End PBXBuildFile section */

/* Begin PBXFileReference section */
		A1B2C3D4E5F60002000001 /* TripCamsApp.swift */ = {isa = PBXFileReference; lastKnownFileType = sourcecode.swift; path = TripCamsApp.swift; sourceTree = "<group>"; };
		A1B2C3D4E5F60002000002 /* AppDelegate.swift */ = {isa = PBXFileReference; lastKnownFileType = sourcecode.swift; path = AppDelegate.swift; sourceTree = "<group>"; };
		A1B2C3D4E5F60002000003 /* TripViewModel.swift */ = {isa = PBXFileReference; lastKnownFileType = sourcecode.swift; path = TripViewModel.swift; sourceTree = "<group>"; };
		A1B2C3D4E5F60002000004 /* Camera.swift */ = {isa = PBXFileReference; lastKnownFileType = sourcecode.swift; path = Camera.swift; sourceTree = "<group>"; };
		A1B2C3D4E5F60002000005 /* Route.swift */ = {isa = PBXFileReference; lastKnownFileType = sourcecode.swift; path = Route.swift; sourceTree = "<group>"; };
		A1B2C3D4E5F60002000006 /* Region.swift */ = {isa = PBXFileReference; lastKnownFileType = sourcecode.swift; path = Region.swift; sourceTree = "<group>"; };
		A1B2C3D4E5F60002000007 /* CameraCluster.swift */ = {isa = PBXFileReference; lastKnownFileType = sourcecode.swift; path = CameraCluster.swift; sourceTree = "<group>"; };
		A1B2C3D4E5F60002000008 /* CameraAPIService.swift */ = {isa = PBXFileReference; lastKnownFileType = sourcecode.swift; path = CameraAPIService.swift; sourceTree = "<group>"; };
		A1B2C3D4E5F60002000009 /* CacheService.swift */ = {isa = PBXFileReference; lastKnownFileType = sourcecode.swift; path = CacheService.swift; sourceTree = "<group>"; };
		A1B2C3D4E5F6000200000A /* RouteService.swift */ = {isa = PBXFileReference; lastKnownFileType = sourcecode.swift; path = RouteService.swift; sourceTree = "<group>"; };
		A1B2C3D4E5F6000200000B /* CorridorFilter.swift */ = {isa = PBXFileReference; lastKnownFileType = sourcecode.swift; path = CorridorFilter.swift; sourceTree = "<group>"; };
		A1B2C3D4E5F6000200000C /* LocationService.swift */ = {isa = PBXFileReference; lastKnownFileType = sourcecode.swift; path = LocationService.swift; sourceTree = "<group>"; };
		A1B2C3D4E5F6000200000D /* GeocodingService.swift */ = {isa = PBXFileReference; lastKnownFileType = sourcecode.swift; path = GeocodingService.swift; sourceTree = "<group>"; };
		A1B2C3D4E5F6000200000E /* ContentView.swift */ = {isa = PBXFileReference; lastKnownFileType = sourcecode.swift; path = ContentView.swift; sourceTree = "<group>"; };
		A1B2C3D4E5F6000200000F /* RouteSelectionView.swift */ = {isa = PBXFileReference; lastKnownFileType = sourcecode.swift; path = RouteSelectionView.swift; sourceTree = "<group>"; };
		A1B2C3D4E5F60002000010 /* CameraListView.swift */ = {isa = PBXFileReference; lastKnownFileType = sourcecode.swift; path = CameraListView.swift; sourceTree = "<group>"; };
		A1B2C3D4E5F60002000011 /* CameraDetailView.swift */ = {isa = PBXFileReference; lastKnownFileType = sourcecode.swift; path = CameraDetailView.swift; sourceTree = "<group>"; };
		A1B2C3D4E5F60002000012 /* CameraCardView.swift */ = {isa = PBXFileReference; lastKnownFileType = sourcecode.swift; path = CameraCardView.swift; sourceTree = "<group>"; };
		A1B2C3D4E5F60002000013 /* MapContainerView.swift */ = {isa = PBXFileReference; lastKnownFileType = sourcecode.swift; path = MapContainerView.swift; sourceTree = "<group>"; };
		A1B2C3D4E5F60002000014 /* CarPlaySceneDelegate.swift */ = {isa = PBXFileReference; lastKnownFileType = sourcecode.swift; path = CarPlaySceneDelegate.swift; sourceTree = "<group>"; };
		A1B2C3D4E5F60002000015 /* route.json */ = {isa = PBXFileReference; lastKnownFileType = text.json; path = route.json; sourceTree = "<group>"; };
		A1B2C3D4E5F60002000016 /* region-bounds.json */ = {isa = PBXFileReference; lastKnownFileType = text.json; path = "region-bounds.json"; sourceTree = "<group>"; };
		A1B2C3D4E5F60002000017 /* Assets.xcassets */ = {isa = PBXFileReference; lastKnownFileType = folder.assetcatalog; path = Assets.xcassets; sourceTree = "<group>"; };
		A1B2C3D4E5F60002000018 /* CarPlay.framework */ = {isa = PBXFileReference; lastKnownFileType = wrapper.framework; name = CarPlay.framework; path = System/Library/Frameworks/CarPlay.framework; sourceTree = SDKROOT; };
		A1B2C3D4E5F60002000019 /* MapKit.framework */ = {isa = PBXFileReference; lastKnownFileType = wrapper.framework; name = MapKit.framework; path = System/Library/Frameworks/MapKit.framework; sourceTree = SDKROOT; };
		A1B2C3D4E5F6000200001A /* CoreLocation.framework */ = {isa = PBXFileReference; lastKnownFileType = wrapper.framework; name = CoreLocation.framework; path = System/Library/Frameworks/CoreLocation.framework; sourceTree = SDKROOT; };
		A1B2C3D4E5F6000200001B /* TripCams.app */ = {isa = PBXFileReference; explicitFileType = wrapper.application; includeInIndex = 0; path = TripCams.app; sourceTree = BUILT_PRODUCTS_DIR; };
		A1B2C3D4E5F6000200001C /* Info.plist */ = {isa = PBXFileReference; lastKnownFileType = text.plist.xml; path = Info.plist; sourceTree = "<group>"; };
		A1B2C3D4E5F6000200001D /* TripCams.entitlements */ = {isa = PBXFileReference; lastKnownFileType = text.plist.entitlements; path = TripCams.entitlements; sourceTree = "<group>"; };
/* End PBXFileReference section */

/* Begin PBXFrameworksBuildPhase section */
		A1B2C3D4E5F60003000001 /* Frameworks */ = {
			isa = PBXFrameworksBuildPhase;
			buildActionMask = 2147483647;
			files = (
				A1B2C3D4E5F60001000018 /* CarPlay.framework in Frameworks */,
				A1B2C3D4E5F60001000019 /* MapKit.framework in Frameworks */,
				A1B2C3D4E5F6000100001A /* CoreLocation.framework in Frameworks */,
			);
			runOnlyForDeploymentPostprocessing = 0;
		};
/* End PBXFrameworksBuildPhase section */

/* Begin PBXGroup section */
		A1B2C3D4E5F60004000001 /* = BEGIN = */ = {
			isa = PBXGroup;
			children = (
				A1B2C3D4E5F60004000002 /* TripCams */,
				A1B2C3D4E5F60004000009 /* Frameworks */,
				A1B2C3D4E5F6000400000A /* Products */,
			);
			sourceTree = "<group>";
		};
		A1B2C3D4E5F60004000002 /* TripCams */ = {
			isa = PBXGroup;
			children = (
				A1B2C3D4E5F60004000003 /* App */,
				A1B2C3D4E5F60004000004 /* Models */,
				A1B2C3D4E5F60004000005 /* Services */,
				A1B2C3D4E5F60004000006 /* Views */,
				A1B2C3D4E5F60004000007 /* CarPlay */,
				A1B2C3D4E5F60004000008 /* Resources */,
				A1B2C3D4E5F60002000017 /* Assets.xcassets */,
				A1B2C3D4E5F6000200001C /* Info.plist */,
				A1B2C3D4E5F6000200001D /* TripCams.entitlements */,
			);
			path = TripCams;
			sourceTree = "<group>";
		};
		A1B2C3D4E5F60004000003 /* App */ = {
			isa = PBXGroup;
			children = (
				A1B2C3D4E5F60002000001 /* TripCamsApp.swift */,
				A1B2C3D4E5F60002000002 /* AppDelegate.swift */,
				A1B2C3D4E5F60002000003 /* TripViewModel.swift */,
			);
			path = App;
			sourceTree = "<group>";
		};
		A1B2C3D4E5F60004000004 /* Models */ = {
			isa = PBXGroup;
			children = (
				A1B2C3D4E5F60002000004 /* Camera.swift */,
				A1B2C3D4E5F60002000005 /* Route.swift */,
				A1B2C3D4E5F60002000006 /* Region.swift */,
				A1B2C3D4E5F60002000007 /* CameraCluster.swift */,
			);
			path = Models;
			sourceTree = "<group>";
		};
		A1B2C3D4E5F60004000005 /* Services */ = {
			isa = PBXGroup;
			children = (
				A1B2C3D4E5F60002000008 /* CameraAPIService.swift */,
				A1B2C3D4E5F60002000009 /* CacheService.swift */,
				A1B2C3D4E5F6000200000A /* RouteService.swift */,
				A1B2C3D4E5F6000200000B /* CorridorFilter.swift */,
				A1B2C3D4E5F6000200000C /* LocationService.swift */,
				A1B2C3D4E5F6000200000D /* GeocodingService.swift */,
			);
			path = Services;
			sourceTree = "<group>";
		};
		A1B2C3D4E5F60004000006 /* Views */ = {
			isa = PBXGroup;
			children = (
				A1B2C3D4E5F6000200000E /* ContentView.swift */,
				A1B2C3D4E5F6000200000F /* RouteSelectionView.swift */,
				A1B2C3D4E5F60002000010 /* CameraListView.swift */,
				A1B2C3D4E5F60002000011 /* CameraDetailView.swift */,
				A1B2C3D4E5F60002000012 /* CameraCardView.swift */,
				A1B2C3D4E5F60002000013 /* MapContainerView.swift */,
			);
			path = Views;
			sourceTree = "<group>";
		};
		A1B2C3D4E5F60004000007 /* CarPlay */ = {
			isa = PBXGroup;
			children = (
				A1B2C3D4E5F60002000014 /* CarPlaySceneDelegate.swift */,
			);
			path = CarPlay;
			sourceTree = "<group>";
		};
		A1B2C3D4E5F60004000008 /* Resources */ = {
			isa = PBXGroup;
			children = (
				A1B2C3D4E5F60002000015 /* route.json */,
				A1B2C3D4E5F60002000016 /* region-bounds.json */,
			);
			path = Resources;
			sourceTree = "<group>";
		};
		A1B2C3D4E5F60004000009 /* Frameworks */ = {
			isa = PBXGroup;
			children = (
				A1B2C3D4E5F60002000018 /* CarPlay.framework */,
				A1B2C3D4E5F60002000019 /* MapKit.framework */,
				A1B2C3D4E5F6000200001A /* CoreLocation.framework */,
			);
			name = Frameworks;
			sourceTree = "<group>";
		};
		A1B2C3D4E5F6000400000A /* Products */ = {
			isa = PBXGroup;
			children = (
				A1B2C3D4E5F6000200001B /* TripCams.app */,
			);
			name = Products;
			sourceTree = "<group>";
		};
/* End PBXGroup section */

/* Begin PBXNativeTarget section */
		A1B2C3D4E5F60005000001 /* TripCams */ = {
			isa = PBXNativeTarget;
			buildConfigurationList = A1B2C3D4E5F60007000001 /* Build configuration list for PBXNativeTarget "TripCams" */;
			buildPhases = (
				A1B2C3D4E5F60003000002 /* Sources */,
				A1B2C3D4E5F60003000001 /* Frameworks */,
				A1B2C3D4E5F60003000003 /* Resources */,
			);
			buildRules = (
			);
			dependencies = (
			);
			name = TripCams;
			productName = TripCams;
			productReference = A1B2C3D4E5F6000200001B /* TripCams.app */;
			productType = "com.apple.product-type.application";
		};
/* End PBXNativeTarget section */

/* Begin PBXProject section */
		A1B2C3D4E5F60006000001 /* Project object */ = {
			isa = PBXProject;
			attributes = {
				BuildIndependentTargetsInParallel = 1;
				LastSwiftUpdateCheck = 1500;
				LastUpgradeCheck = 1500;
				TargetAttributes = {
					A1B2C3D4E5F60005000001 = {
						CreatedOnToolsVersion = 15.0;
					};
				};
			};
			buildConfigurationList = A1B2C3D4E5F60007000002 /* Build configuration list for PBXProject "TripCams" */;
			compatibilityVersion = "Xcode 14.0";
			developmentRegion = en;
			hasScannedForEncodings = 0;
			knownRegions = (
				en,
				Base,
			);
			mainGroup = A1B2C3D4E5F60004000001 /* = BEGIN = */;
			productRefGroup = A1B2C3D4E5F6000400000A /* Products */;
			projectDirPath = "";
			projectRoot = "";
			targets = (
				A1B2C3D4E5F60005000001 /* TripCams */,
			);
		};
/* End PBXProject section */

/* Begin PBXResourcesBuildPhase section */
		A1B2C3D4E5F60003000003 /* Resources */ = {
			isa = PBXResourcesBuildPhase;
			buildActionMask = 2147483647;
			files = (
				A1B2C3D4E5F60001000015 /* route.json in Resources */,
				A1B2C3D4E5F60001000016 /* region-bounds.json in Resources */,
				A1B2C3D4E5F60001000017 /* Assets.xcassets in Resources */,
			);
			runOnlyForDeploymentPostprocessing = 0;
		};
/* End PBXResourcesBuildPhase section */

/* Begin PBXSourcesBuildPhase section */
		A1B2C3D4E5F60003000002 /* Sources */ = {
			isa = PBXSourcesBuildPhase;
			buildActionMask = 2147483647;
			files = (
				A1B2C3D4E5F60001000001 /* TripCamsApp.swift in Sources */,
				A1B2C3D4E5F60001000002 /* AppDelegate.swift in Sources */,
				A1B2C3D4E5F60001000003 /* TripViewModel.swift in Sources */,
				A1B2C3D4E5F60001000004 /* Camera.swift in Sources */,
				A1B2C3D4E5F60001000005 /* Route.swift in Sources */,
				A1B2C3D4E5F60001000006 /* Region.swift in Sources */,
				A1B2C3D4E5F60001000007 /* CameraCluster.swift in Sources */,
				A1B2C3D4E5F60001000008 /* CameraAPIService.swift in Sources */,
				A1B2C3D4E5F60001000009 /* CacheService.swift in Sources */,
				A1B2C3D4E5F6000100000A /* RouteService.swift in Sources */,
				A1B2C3D4E5F6000100000B /* CorridorFilter.swift in Sources */,
				A1B2C3D4E5F6000100000C /* LocationService.swift in Sources */,
				A1B2C3D4E5F6000100000D /* GeocodingService.swift in Sources */,
				A1B2C3D4E5F6000100000E /* ContentView.swift in Sources */,
				A1B2C3D4E5F6000100000F /* RouteSelectionView.swift in Sources */,
				A1B2C3D4E5F60001000010 /* CameraListView.swift in Sources */,
				A1B2C3D4E5F60001000011 /* CameraDetailView.swift in Sources */,
				A1B2C3D4E5F60001000012 /* CameraCardView.swift in Sources */,
				A1B2C3D4E5F60001000013 /* MapContainerView.swift in Sources */,
				A1B2C3D4E5F60001000014 /* CarPlaySceneDelegate.swift in Sources */,
			);
			runOnlyForDeploymentPostprocessing = 0;
		};
/* End PBXSourcesBuildPhase section */

/* Begin XCBuildConfiguration section */
		A1B2C3D4E5F60008000001 /* Debug */ = {
			isa = XCBuildConfiguration;
			buildSettings = {
				ALWAYS_SEARCH_USER_PATHS = NO;
				ASSETCATALOG_COMPILER_GENERATE_SWIFT_ASSET_SYMBOL_EXTENSIONS = YES;
				CLANG_ANALYZER_NONNULL = YES;
				CLANG_ANALYZER_NUMBER_OBJECT_CONVERSION = YES_AGGRESSIVE;
				CLANG_CXX_LANGUAGE_STANDARD = "gnu++20";
				CLANG_ENABLE_MODULES = YES;
				CLANG_ENABLE_OBJC_ARC = YES;
				CLANG_ENABLE_OBJC_WEAK = YES;
				CLANG_WARN_BLOCK_CAPTURE_AUTORELEASING = YES;
				CLANG_WARN_BOOL_CONVERSION = YES;
				CLANG_WARN_COMMA = YES;
				CLANG_WARN_CONSTANT_CONVERSION = YES;
				CLANG_WARN_DEPRECATED_OBJC_IMPLEMENTATIONS = YES;
				CLANG_WARN_DIRECT_OBJC_ISA_USAGE = YES_ERROR;
				CLANG_WARN_DOCUMENTATION_COMMENTS = YES;
				CLANG_WARN_EMPTY_BODY = YES;
				CLANG_WARN_ENUM_CONVERSION = YES;
				CLANG_WARN_INFINITE_RECURSION = YES;
				CLANG_WARN_INT_CONVERSION = YES;
				CLANG_WARN_NON_LITERAL_NULL_CONVERSION = YES;
				CLANG_WARN_OBJC_IMPLICIT_RETAIN_SELF = YES;
				CLANG_WARN_OBJC_LITERAL_CONVERSION = YES;
				CLANG_WARN_OBJC_ROOT_CLASS = YES_ERROR;
				CLANG_WARN_QUOTED_INCLUDE_IN_FRAMEWORK_HEADER = YES;
				CLANG_WARN_RANGE_LOOP_ANALYSIS = YES;
				CLANG_WARN_STRICT_PROTOTYPES = YES;
				CLANG_WARN_SUSPICIOUS_MOVE = YES;
				CLANG_WARN_UNGUARDED_AVAILABILITY = YES_AGGRESSIVE;
				CLANG_WARN_UNREACHABLE_CODE = YES;
				CLANG_WARN__DUPLICATE_METHOD_MATCH = YES;
				COPY_PHASE_STRIP = NO;
				DEBUG_INFORMATION_FORMAT = dwarf;
				ENABLE_STRICT_OBJC_MSGSEND = YES;
				ENABLE_TESTABILITY = YES;
				ENABLE_USER_SCRIPT_SANDBOXING = YES;
				GCC_C_LANGUAGE_STANDARD = gnu17;
				GCC_DYNAMIC_NO_PIC = NO;
				GCC_NO_COMMON_BLOCKS = YES;
				GCC_OPTIMIZATION_LEVEL = 0;
				GCC_PREPROCESSOR_DEFINITIONS = (
					"DEBUG=1",
					"$(inherited)",
				);
				GCC_WARN_64_TO_32_BIT_CONVERSION = YES;
				GCC_WARN_ABOUT_RETURN_TYPE = YES_ERROR;
				GCC_WARN_UNDECLARED_SELECTOR = YES;
				GCC_WARN_UNINITIALIZED_AUTOS = YES_AGGRESSIVE;
				GCC_WARN_UNUSED_FUNCTION = YES;
				GCC_WARN_UNUSED_VARIABLE = YES;
				IPHONEOS_DEPLOYMENT_TARGET = 17.0;
				LOCALIZATION_PREFERS_STRING_CATALOGS = YES;
				MTL_ENABLE_DEBUG_INFO = INCLUDE_SOURCE;
				MTL_FAST_MATH = YES;
				ONLY_ACTIVE_ARCH = YES;
				SDKROOT = iphoneos;
				SWIFT_ACTIVE_COMPILATION_CONDITIONS = "DEBUG $(inherited)";
				SWIFT_OPTIMIZATION_LEVEL = "-Onone";
			};
			name = Debug;
		};
		A1B2C3D4E5F60008000002 /* Release */ = {
			isa = XCBuildConfiguration;
			buildSettings = {
				ALWAYS_SEARCH_USER_PATHS = NO;
				ASSETCATALOG_COMPILER_GENERATE_SWIFT_ASSET_SYMBOL_EXTENSIONS = YES;
				CLANG_ANALYZER_NONNULL = YES;
				CLANG_ANALYZER_NUMBER_OBJECT_CONVERSION = YES_AGGRESSIVE;
				CLANG_CXX_LANGUAGE_STANDARD = "gnu++20";
				CLANG_ENABLE_MODULES = YES;
				CLANG_ENABLE_OBJC_ARC = YES;
				CLANG_ENABLE_OBJC_WEAK = YES;
				CLANG_WARN_BLOCK_CAPTURE_AUTORELEASING = YES;
				CLANG_WARN_BOOL_CONVERSION = YES;
				CLANG_WARN_COMMA = YES;
				CLANG_WARN_CONSTANT_CONVERSION = YES;
				CLANG_WARN_DEPRECATED_OBJC_IMPLEMENTATIONS = YES;
				CLANG_WARN_DIRECT_OBJC_ISA_USAGE = YES_ERROR;
				CLANG_WARN_DOCUMENTATION_COMMENTS = YES;
				CLANG_WARN_EMPTY_BODY = YES;
				CLANG_WARN_ENUM_CONVERSION = YES;
				CLANG_WARN_INFINITE_RECURSION = YES;
				CLANG_WARN_INT_CONVERSION = YES;
				CLANG_WARN_NON_LITERAL_NULL_CONVERSION = YES;
				CLANG_WARN_OBJC_IMPLICIT_RETAIN_SELF = YES;
				CLANG_WARN_OBJC_LITERAL_CONVERSION = YES;
				CLANG_WARN_OBJC_ROOT_CLASS = YES_ERROR;
				CLANG_WARN_QUOTED_INCLUDE_IN_FRAMEWORK_HEADER = YES;
				CLANG_WARN_RANGE_LOOP_ANALYSIS = YES;
				CLANG_WARN_STRICT_PROTOTYPES = YES;
				CLANG_WARN_SUSPICIOUS_MOVE = YES;
				CLANG_WARN_UNGUARDED_AVAILABILITY = YES_AGGRESSIVE;
				CLANG_WARN_UNREACHABLE_CODE = YES;
				CLANG_WARN__DUPLICATE_METHOD_MATCH = YES;
				COPY_PHASE_STRIP = NO;
				DEBUG_INFORMATION_FORMAT = "dwarf-with-dsym";
				ENABLE_NS_ASSERTIONS = NO;
				ENABLE_STRICT_OBJC_MSGSEND = YES;
				ENABLE_USER_SCRIPT_SANDBOXING = YES;
				GCC_C_LANGUAGE_STANDARD = gnu17;
				GCC_NO_COMMON_BLOCKS = YES;
				GCC_WARN_64_TO_32_BIT_CONVERSION = YES;
				GCC_WARN_ABOUT_RETURN_TYPE = YES_ERROR;
				GCC_WARN_UNDECLARED_SELECTOR = YES;
				GCC_WARN_UNINITIALIZED_AUTOS = YES_AGGRESSIVE;
				GCC_WARN_UNUSED_FUNCTION = YES;
				GCC_WARN_UNUSED_VARIABLE = YES;
				IPHONEOS_DEPLOYMENT_TARGET = 17.0;
				LOCALIZATION_PREFERS_STRING_CATALOGS = YES;
				MTL_ENABLE_DEBUG_INFO = NO;
				MTL_FAST_MATH = YES;
				SDKROOT = iphoneos;
				SWIFT_COMPILATION_MODE = wholemodule;
				VALIDATE_PRODUCT = YES;
			};
			name = Release;
		};
		A1B2C3D4E5F60008000003 /* Debug */ = {
			isa = XCBuildConfiguration;
			buildSettings = {
				ASSETCATALOG_COMPILER_APPICON_NAME = AppIcon;
				ASSETCATALOG_COMPILER_GLOBAL_ACCENT_COLOR_NAME = AccentColor;
				CODE_SIGN_ENTITLEMENTS = TripCams/TripCams.entitlements;
				CODE_SIGN_STYLE = Automatic;
				CURRENT_PROJECT_VERSION = 1;
				DEVELOPMENT_TEAM = "";
				GENERATE_INFOPLIST_FILE = NO;
				INFOPLIST_FILE = TripCams/Info.plist;
				INFOPLIST_KEY_UIApplicationSceneManifest_Generation = YES;
				INFOPLIST_KEY_UIApplicationSupportsIndirectInputEvents = YES;
				INFOPLIST_KEY_UILaunchScreen_Generation = YES;
				INFOPLIST_KEY_UISupportedInterfaceOrientations_iPad = "UIInterfaceOrientationPortrait UIInterfaceOrientationPortraitUpsideDown UIInterfaceOrientationLandscapeLeft UIInterfaceOrientationLandscapeRight";
				INFOPLIST_KEY_UISupportedInterfaceOrientations_iPhone = "UIInterfaceOrientationPortrait UIInterfaceOrientationLandscapeLeft UIInterfaceOrientationLandscapeRight";
				LD_RUNPATH_SEARCH_PATHS = (
					"$(inherited)",
					"@executable_path/Frameworks",
				);
				MARKETING_VERSION = 1.0;
				PRODUCT_BUNDLE_IDENTIFIER = com.tripcams.app;
				PRODUCT_NAME = "$(TARGET_NAME)";
				SUPPORTED_PLATFORMS = "iphoneos iphonesimulator";
				SUPPORTS_MACCATALYST = NO;
				SWIFT_EMIT_LOC_STRINGS = YES;
				SWIFT_VERSION = 5.0;
				TARGETED_DEVICE_FAMILY = "1,2";
			};
			name = Debug;
		};
		A1B2C3D4E5F60008000004 /* Release */ = {
			isa = XCBuildConfiguration;
			buildSettings = {
				ASSETCATALOG_COMPILER_APPICON_NAME = AppIcon;
				ASSETCATALOG_COMPILER_GLOBAL_ACCENT_COLOR_NAME = AccentColor;
				CODE_SIGN_ENTITLEMENTS = TripCams/TripCams.entitlements;
				CODE_SIGN_STYLE = Automatic;
				CURRENT_PROJECT_VERSION = 1;
				DEVELOPMENT_TEAM = "";
				GENERATE_INFOPLIST_FILE = NO;
				INFOPLIST_FILE = TripCams/Info.plist;
				INFOPLIST_KEY_UIApplicationSceneManifest_Generation = YES;
				INFOPLIST_KEY_UIApplicationSupportsIndirectInputEvents = YES;
				INFOPLIST_KEY_UILaunchScreen_Generation = YES;
				INFOPLIST_KEY_UISupportedInterfaceOrientations_iPad = "UIInterfaceOrientationPortrait UIInterfaceOrientationPortraitUpsideDown UIInterfaceOrientationLandscapeLeft UIInterfaceOrientationLandscapeRight";
				INFOPLIST_KEY_UISupportedInterfaceOrientations_iPhone = "UIInterfaceOrientationPortrait UIInterfaceOrientationLandscapeLeft UIInterfaceOrientationLandscapeRight";
				LD_RUNPATH_SEARCH_PATHS = (
					"$(inherited)",
					"@executable_path/Frameworks",
				);
				MARKETING_VERSION = 1.0;
				PRODUCT_BUNDLE_IDENTIFIER = com.tripcams.app;
				PRODUCT_NAME = "$(TARGET_NAME)";
				SUPPORTED_PLATFORMS = "iphoneos iphonesimulator";
				SUPPORTS_MACCATALYST = NO;
				SWIFT_EMIT_LOC_STRINGS = YES;
				SWIFT_VERSION = 5.0;
				TARGETED_DEVICE_FAMILY = "1,2";
			};
			name = Release;
		};
/* End XCBuildConfiguration section */

/* Begin XCConfigurationList section */
		A1B2C3D4E5F60007000001 /* Build configuration list for PBXNativeTarget "TripCams" */ = {
			isa = XCConfigurationList;
			buildConfigurations = (
				A1B2C3D4E5F60008000003 /* Debug */,
				A1B2C3D4E5F60008000004 /* Release */,
			);
			defaultConfigurationIsVisible = 0;
			defaultConfigurationName = Release;
		};
		A1B2C3D4E5F60007000002 /* Build configuration list for PBXProject "TripCams" */ = {
			isa = XCConfigurationList;
			buildConfigurations = (
				A1B2C3D4E5F60008000001 /* Debug */,
				A1B2C3D4E5F60008000002 /* Release */,
			);
			defaultConfigurationIsVisible = 0;
			defaultConfigurationName = Release;
		};
/* End XCConfigurationList section */
	};
	rootObject = A1B2C3D4E5F60006000001 /* Project object */;
}
